Microsoft Visual Studio Solution File, Format Version 12.00
# Visual Studio 15
VisualStudioVersion = 15.0.26730.3
MinimumVisualStudioVersion = 15.0.26124.0
Project("{9A19103F-16F7-4668-BE54-9A1E7A4F7556}") = "sample", "sample\sample.csproj", "{F3C99EC3-9CB8-4294-934F-BA163AAE41F5}"
EndProject
Project("{2150E333-8FDC-42A3-9474-1A3956D46DE8}") = "src", "src", "{9E5C5041-4624-46AC-9D27-C8DC5E4B1719}"
EndProject
Project("{9A19103F-16F7-4668-BE54-9A1E7A4F7556}") = "Kickr", "src\Kickr\Kickr.csproj", "{F2A62D12-635D-40A5-8BF0-44C3AAF5329B}"
EndProject
Project("{2150E333-8FDC-42A3-9474-1A3956D46DE8}") = "sample", "sample", "{86AE676E-9044-4792-A9A0-D382CADDDAED}"
EndProject
Project("{2150E333-8FDC-42A3-9474-1A3956D46DE8}") = "lib", "lib", "{D86C761C-EC1A-4651-AC87-B8441E53F6FA}"
EndProject
Project("{9A19103F-16F7-4668-BE54-9A1E7A4F7556}") = "Microsoft.Extensions.HealthChecks", "lib\HealthChecks\src\Microsoft.Extensions.HealthChecks\Microsoft.Extensions.HealthChecks.csproj", "{2CD58DC8-58F2-454B-986A-9A6F9DCFE9B1}"
EndProject
Project("{2150E333-8FDC-42A3-9474-1A3956D46DE8}") = "test", "test", "{DA5FE132-0489-4F86-930F-524C101DA391}"
EndProject
Project("{FAE04EC0-301F-11D3-BF4B-00C04F79EFBC}") = "Kickr.Tests", "test\Kickr.Tests\Kickr.Tests.csproj", "{6F492EA6-F8C1-499B-9993-E357A06128C6}"
EndProject
Global
	GlobalSection(SolutionConfigurationPlatforms) = preSolution
		Debug|Any CPU = Debug|Any CPU
		Debug|x64 = Debug|x64
		Debug|x86 = Debug|x86
		Release|Any CPU = Release|Any CPU
		Release|x64 = Release|x64
		Release|x86 = Release|x86
	EndGlobalSection
	GlobalSection(ProjectConfigurationPlatforms) = postSolution
		{F3C99EC3-9CB8-4294-934F-BA163AAE41F5}.Debug|Any CPU.ActiveCfg = Debug|Any CPU
		{F3C99EC3-9CB8-4294-934F-BA163AAE41F5}.Debug|Any CPU.Build.0 = Debug|Any CPU
		{F3C99EC3-9CB8-4294-934F-BA163AAE41F5}.Debug|x64.ActiveCfg = Debug|Any CPU
		{F3C99EC3-9CB8-4294-934F-BA163AAE41F5}.Debug|x64.Build.0 = Debug|Any CPU
		{F3C99EC3-9CB8-4294-934F-BA163AAE41F5}.Debug|x86.ActiveCfg = Debug|Any CPU
		{F3C99EC3-9CB8-4294-934F-BA163AAE41F5}.Debug|x86.Build.0 = Debug|Any CPU
		{F3C99EC3-9CB8-4294-934F-BA163AAE41F5}.Release|Any CPU.ActiveCfg = Release|Any CPU
		{F3C99EC3-9CB8-4294-934F-BA163AAE41F5}.Release|Any CPU.Build.0 = Release|Any CPU
		{F3C99EC3-9CB8-4294-934F-BA163AAE41F5}.Release|x64.ActiveCfg = Release|Any CPU
		{F3C99EC3-9CB8-4294-934F-BA163AAE41F5}.Release|x64.Build.0 = Release|Any CPU
		{F3C99EC3-9CB8-4294-934F-BA163AAE41F5}.Release|x86.ActiveCfg = Release|Any CPU
		{F3C99EC3-9CB8-4294-934F-BA163AAE41F5}.Release|x86.Build.0 = Release|Any CPU
		{F2A62D12-635D-40A5-8BF0-44C3AAF5329B}.Debug|Any CPU.ActiveCfg = Debug|Any CPU
		{F2A62D12-635D-40A5-8BF0-44C3AAF5329B}.Debug|Any CPU.Build.0 = Debug|Any CPU
		{F2A62D12-635D-40A5-8BF0-44C3AAF5329B}.Debug|x64.ActiveCfg = Debug|Any CPU
		{F2A62D12-635D-40A5-8BF0-44C3AAF5329B}.Debug|x64.Build.0 = Debug|Any CPU
		{F2A62D12-635D-40A5-8BF0-44C3AAF5329B}.Debug|x86.ActiveCfg = Debug|Any CPU
		{F2A62D12-635D-40A5-8BF0-44C3AAF5329B}.Debug|x86.Build.0 = Debug|Any CPU
		{F2A62D12-635D-40A5-8BF0-44C3AAF5329B}.Release|Any CPU.ActiveCfg = Release|Any CPU
		{F2A62D12-635D-40A5-8BF0-44C3AAF5329B}.Release|Any CPU.Build.0 = Release|Any CPU
		{F2A62D12-635D-40A5-8BF0-44C3AAF5329B}.Release|x64.ActiveCfg = Release|Any CPU
		{F2A62D12-635D-40A5-8BF0-44C3AAF5329B}.Release|x64.Build.0 = Release|Any CPU
		{F2A62D12-635D-40A5-8BF0-44C3AAF5329B}.Release|x86.ActiveCfg = Release|Any CPU
		{F2A62D12-635D-40A5-8BF0-44C3AAF5329B}.Release|x86.Build.0 = Release|Any CPU
		{2CD58DC8-58F2-454B-986A-9A6F9DCFE9B1}.Debug|Any CPU.ActiveCfg = Debug|Any CPU
		{2CD58DC8-58F2-454B-986A-9A6F9DCFE9B1}.Debug|Any CPU.Build.0 = Debug|Any CPU
		{2CD58DC8-58F2-454B-986A-9A6F9DCFE9B1}.Debug|x64.ActiveCfg = Debug|Any CPU
		{2CD58DC8-58F2-454B-986A-9A6F9DCFE9B1}.Debug|x64.Build.0 = Debug|Any CPU
		{2CD58DC8-58F2-454B-986A-9A6F9DCFE9B1}.Debug|x86.ActiveCfg = Debug|Any CPU
		{2CD58DC8-58F2-454B-986A-9A6F9DCFE9B1}.Debug|x86.Build.0 = Debug|Any CPU
		{2CD58DC8-58F2-454B-986A-9A6F9DCFE9B1}.Release|Any CPU.ActiveCfg = Release|Any CPU
		{2CD58DC8-58F2-454B-986A-9A6F9DCFE9B1}.Release|Any CPU.Build.0 = Release|Any CPU
		{2CD58DC8-58F2-454B-986A-9A6F9DCFE9B1}.Release|x64.ActiveCfg = Release|Any CPU
		{2CD58DC8-58F2-454B-986A-9A6F9DCFE9B1}.Release|x64.Build.0 = Release|Any CPU
		{2CD58DC8-58F2-454B-986A-9A6F9DCFE9B1}.Release|x86.ActiveCfg = Release|Any CPU
		{2CD58DC8-58F2-454B-986A-9A6F9DCFE9B1}.Release|x86.Build.0 = Release|Any CPU
		{6F492EA6-F8C1-499B-9993-E357A06128C6}.Debug|Any CPU.ActiveCfg = Debug|Any CPU
		{6F492EA6-F8C1-499B-9993-E357A06128C6}.Debug|Any CPU.Build.0 = Debug|Any CPU
		{6F492EA6-F8C1-499B-9993-E357A06128C6}.Debug|x64.ActiveCfg = Debug|Any CPU
		{6F492EA6-F8C1-499B-9993-E357A06128C6}.Debug|x64.Build.0 = Debug|Any CPU
		{6F492EA6-F8C1-499B-9993-E357A06128C6}.Debug|x86.ActiveCfg = Debug|Any CPU
		{6F492EA6-F8C1-499B-9993-E357A06128C6}.Debug|x86.Build.0 = Debug|Any CPU
		{6F492EA6-F8C1-499B-9993-E357A06128C6}.Release|Any CPU.ActiveCfg = Release|Any CPU
		{6F492EA6-F8C1-499B-9993-E357A06128C6}.Release|Any CPU.Build.0 = Release|Any CPU
		{6F492EA6-F8C1-499B-9993-E357A06128C6}.Release|x64.ActiveCfg = Release|Any CPU
		{6F492EA6-F8C1-499B-9993-E357A06128C6}.Release|x64.Build.0 = Release|Any CPU
		{6F492EA6-F8C1-499B-9993-E357A06128C6}.Release|x86.ActiveCfg = Release|Any CPU
		{6F492EA6-F8C1-499B-9993-E357A06128C6}.Release|x86.Build.0 = Release|Any CPU
	EndGlobalSection
	GlobalSection(SolutionProperties) = preSolution
		HideSolutionNode = FALSE
	EndGlobalSection
	GlobalSection(NestedProjects) = preSolution
		{F3C99EC3-9CB8-4294-934F-BA163AAE41F5} = {86AE676E-9044-4792-A9A0-D382CADDDAED}
		{F2A62D12-635D-40A5-8BF0-44C3AAF5329B} = {9E5C5041-4624-46AC-9D27-C8DC5E4B1719}
		{2CD58DC8-58F2-454B-986A-9A6F9DCFE9B1} = {D86C761C-EC1A-4651-AC87-B8441E53F6FA}
		{6F492EA6-F8C1-499B-9993-E357A06128C6} = {DA5FE132-0489-4F86-930F-524C101DA391}
	EndGlobalSection
	GlobalSection(ExtensibilityGlobals) = postSolution
		SolutionGuid = {E32862DE-EFE9-4E1D-8FB0-1D02B914114D}
	EndGlobalSection
EndGlobal
